
Microsoft Visual Studio Solution File, Format Version 12.00
# Visual Studio Version 17
VisualStudioVersion = 17.4.33110.190
MinimumVisualStudioVersion = 10.0.40219.1
Project("{FAE04EC0-301F-11D3-BF4B-00C04F79EFBC}") = "GestoreEventi", "GestoreEventi\GestoreEventi.csproj", "{DBC6CA2E-3897-4151-9AB9-6F362E7FD0FD}"
EndProject
Global
	GlobalSection(SolutionConfigurationPlatforms) = preSolution
		Debug|Any CPU = Debug|Any CPU
		Release|Any CPU = Release|Any CPU
	EndGlobalSection
	GlobalSection(ProjectConfigurationPlatforms) = postSolution
		{DBC6CA2E-3897-4151-9AB9-6F362E7FD0FD}.Debug|Any CPU.ActiveCfg = Debug|Any CPU
		{DBC6CA2E-3897-4151-9AB9-6F362E7FD0FD}.Debug|Any CPU.Build.0 = Debug|Any CPU
		{DBC6CA2E-3897-4151-9AB9-6F362E7FD0FD}.Release|Any CPU.ActiveCfg = Release|Any CPU
		{DBC6CA2E-3897-4151-9AB9-6F362E7FD0FD}.Release|Any CPU.Build.0 = Release|Any CPU
	EndGlobalSection
	GlobalSection(SolutionProperties) = preSolution
		HideSolutionNode = FALSE
	EndGlobalSection
	GlobalSection(ExtensibilityGlobals) = postSolution
		SolutionGuid = {CC9E25E4-5836-45CA-A2C4-0211DF57965D}
	EndGlobalSection
EndGlobal
